// !$*UTF8*$!
{
	archiveVersion = 1;
	classes = {
	};
	objectVersion = 55;
	objects = {

/* Begin PBXBuildFile section */
		E955302F281801E500A876C5 /* CategoriesView.swift in Sources */ = {isa = PBXBuildFile; fileRef = E955302E281801E500A876C5 /* CategoriesView.swift */; };
		E9553031281801F800A876C5 /* CurrentSeasonView.swift in Sources */ = {isa = PBXBuildFile; fileRef = E9553030281801F800A876C5 /* CurrentSeasonView.swift */; };
		E95530332818023400A876C5 /* FavoritesView.swift in Sources */ = {isa = PBXBuildFile; fileRef = E95530322818023400A876C5 /* FavoritesView.swift */; };
		E95530352818024B00A876C5 /* HomeView.swift in Sources */ = {isa = PBXBuildFile; fileRef = E95530342818024B00A876C5 /* HomeView.swift */; };
		E95530372818026300A876C5 /* SettingsView.swift in Sources */ = {isa = PBXBuildFile; fileRef = E95530362818026300A876C5 /* SettingsView.swift */; };
		E955303A2818029C00A876C5 /* RecipeModel.swift in Sources */ = {isa = PBXBuildFile; fileRef = E95530392818029C00A876C5 /* RecipeModel.swift */; };
		E955303D281802C500A876C5 /* SignInView.swift in Sources */ = {isa = PBXBuildFile; fileRef = E955303C281802C500A876C5 /* SignInView.swift */; };
		E955303F281802CE00A876C5 /* SignUpView.swift in Sources */ = {isa = PBXBuildFile; fileRef = E955303E281802CE00A876C5 /* SignUpView.swift */; };
		E95530412818030900A876C5 /* TabBar.swift in Sources */ = {isa = PBXBuildFile; fileRef = E95530402818030900A876C5 /* TabBar.swift */; };
		E96CB1972817FCD700179E8F /* izaApp.swift in Sources */ = {isa = PBXBuildFile; fileRef = E96CB1962817FCD700179E8F /* izaApp.swift */; };
		E96CB1992817FCD700179E8F /* ContentView.swift in Sources */ = {isa = PBXBuildFile; fileRef = E96CB1982817FCD700179E8F /* ContentView.swift */; };
		E96CB19B2817FCD700179E8F /* Assets.xcassets in Resources */ = {isa = PBXBuildFile; fileRef = E96CB19A2817FCD700179E8F /* Assets.xcassets */; };
		E96CB19E2817FCD700179E8F /* Preview Assets.xcassets in Resources */ = {isa = PBXBuildFile; fileRef = E96CB19D2817FCD700179E8F /* Preview Assets.xcassets */; };
		E96CB1AC2817FDAF00179E8F /* FirebaseAuth in Frameworks */ = {isa = PBXBuildFile; productRef = E96CB1AB2817FDAF00179E8F /* FirebaseAuth */; };
		E96CB1AE2817FDAF00179E8F /* FirebaseDatabase in Frameworks */ = {isa = PBXBuildFile; productRef = E96CB1AD2817FDAF00179E8F /* FirebaseDatabase */; };
		E96CB1B02817FDAF00179E8F /* FirebaseFirestore in Frameworks */ = {isa = PBXBuildFile; productRef = E96CB1AF2817FDAF00179E8F /* FirebaseFirestore */; };
		E96CB1B22817FDAF00179E8F /* FirebaseStorage in Frameworks */ = {isa = PBXBuildFile; productRef = E96CB1B12817FDAF00179E8F /* FirebaseStorage */; };
		E96CB1B42817FDFA00179E8F /* GoogleService-Info.plist in Resources */ = {isa = PBXBuildFile; fileRef = E96CB1B32817FDFA00179E8F /* GoogleService-Info.plist */; };
/* End PBXBuildFile section */

/* Begin PBXFileReference section */
		E955302E281801E500A876C5 /* CategoriesView.swift */ = {isa = PBXFileReference; lastKnownFileType = sourcecode.swift; path = CategoriesView.swift; sourceTree = "<group>"; };
		E9553030281801F800A876C5 /* CurrentSeasonView.swift */ = {isa = PBXFileReference; lastKnownFileType = sourcecode.swift; path = CurrentSeasonView.swift; sourceTree = "<group>"; };
		E95530322818023400A876C5 /* FavoritesView.swift */ = {isa = PBXFileReference; lastKnownFileType = sourcecode.swift; path = FavoritesView.swift; sourceTree = "<group>"; };
		E95530342818024B00A876C5 /* HomeView.swift */ = {isa = PBXFileReference; lastKnownFileType = sourcecode.swift; path = HomeView.swift; sourceTree = "<group>"; };
		E95530362818026300A876C5 /* SettingsView.swift */ = {isa = PBXFileReference; lastKnownFileType = sourcecode.swift; path = SettingsView.swift; sourceTree = "<group>"; };
		E95530392818029C00A876C5 /* RecipeModel.swift */ = {isa = PBXFileReference; lastKnownFileType = sourcecode.swift; path = RecipeModel.swift; sourceTree = "<group>"; };
		E955303C281802C500A876C5 /* SignInView.swift */ = {isa = PBXFileReference; lastKnownFileType = sourcecode.swift; path = SignInView.swift; sourceTree = "<group>"; };
		E955303E281802CE00A876C5 /* SignUpView.swift */ = {isa = PBXFileReference; lastKnownFileType = sourcecode.swift; path = SignUpView.swift; sourceTree = "<group>"; };
		E95530402818030900A876C5 /* TabBar.swift */ = {isa = PBXFileReference; lastKnownFileType = sourcecode.swift; path = TabBar.swift; sourceTree = "<group>"; };
		E96CB1932817FCD700179E8F /* iza.app */ = {isa = PBXFileReference; explicitFileType = wrapper.application; includeInIndex = 0; path = iza.app; sourceTree = BUILT_PRODUCTS_DIR; };
		E96CB1962817FCD700179E8F /* izaApp.swift */ = {isa = PBXFileReference; lastKnownFileType = sourcecode.swift; path = izaApp.swift; sourceTree = "<group>"; };
		E96CB1982817FCD700179E8F /* ContentView.swift */ = {isa = PBXFileReference; lastKnownFileType = sourcecode.swift; path = ContentView.swift; sourceTree = "<group>"; };
		E96CB19A2817FCD700179E8F /* Assets.xcassets */ = {isa = PBXFileReference; lastKnownFileType = folder.assetcatalog; path = Assets.xcassets; sourceTree = "<group>"; };
		E96CB19D2817FCD700179E8F /* Preview Assets.xcassets */ = {isa = PBXFileReference; lastKnownFileType = folder.assetcatalog; path = "Preview Assets.xcassets"; sourceTree = "<group>"; };
		E96CB1B32817FDFA00179E8F /* GoogleService-Info.plist */ = {isa = PBXFileReference; fileEncoding = 4; lastKnownFileType = text.plist.xml; name = "GoogleService-Info.plist"; path = "../../../Downloads/GoogleService-Info.plist"; sourceTree = "<group>"; };
/* End PBXFileReference section */

/* Begin PBXFrameworksBuildPhase section */
		E96CB1902817FCD700179E8F /* Frameworks */ = {
			isa = PBXFrameworksBuildPhase;
			buildActionMask = 2147483647;
			files = (
				E96CB1AE2817FDAF00179E8F /* FirebaseDatabase in Frameworks */,
				E96CB1B22817FDAF00179E8F /* FirebaseStorage in Frameworks */,
				E96CB1AC2817FDAF00179E8F /* FirebaseAuth in Frameworks */,
				E96CB1B02817FDAF00179E8F /* FirebaseFirestore in Frameworks */,
			);
			runOnlyForDeploymentPostprocessing = 0;
		};
/* End PBXFrameworksBuildPhase section */

/* Begin PBXGroup section */
		E955302B281801B000A876C5 /* New Group */ = {
			isa = PBXGroup;
			children = (
			);
			path = "New Group";
			sourceTree = "<group>";
		};
		E955302C281801C600A876C5 /* View */ = {
			isa = PBXGroup;
			children = (
				E955303B281802B700A876C5 /* Authentication */,
				E955302D281801D000A876C5 /* Main */,
			);
			path = View;
			sourceTree = "<group>";
		};
		E955302D281801D000A876C5 /* Main */ = {
			isa = PBXGroup;
			children = (
				E955302E281801E500A876C5 /* CategoriesView.swift */,
				E9553030281801F800A876C5 /* CurrentSeasonView.swift */,
				E95530322818023400A876C5 /* FavoritesView.swift */,
				E95530342818024B00A876C5 /* HomeView.swift */,
				E95530362818026300A876C5 /* SettingsView.swift */,
				E95530402818030900A876C5 /* TabBar.swift */,
			);
			path = Main;
			sourceTree = "<group>";
		};
		E95530382818029100A876C5 /* Model */ = {
			isa = PBXGroup;
			children = (
				E95530392818029C00A876C5 /* RecipeModel.swift */,
			);
			path = Model;
			sourceTree = "<group>";
		};
		E955303B281802B700A876C5 /* Authentication */ = {
			isa = PBXGroup;
			children = (
				E955303C281802C500A876C5 /* SignInView.swift */,
				E955303E281802CE00A876C5 /* SignUpView.swift */,
			);
			path = Authentication;
			sourceTree = "<group>";
		};
		E96CB18A2817FCD600179E8F = {
			isa = PBXGroup;
			children = (
				E96CB1952817FCD700179E8F /* iza */,
				E96CB1942817FCD700179E8F /* Products */,
			);
			sourceTree = "<group>";
		};
		E96CB1942817FCD700179E8F /* Products */ = {
			isa = PBXGroup;
			children = (
				E96CB1932817FCD700179E8F /* iza.app */,
			);
			name = Products;
			sourceTree = "<group>";
		};
		E96CB1952817FCD700179E8F /* iza */ = {
			isa = PBXGroup;
			children = (
				E95530382818029100A876C5 /* Model */,
				E955302C281801C600A876C5 /* View */,
				E955302B281801B000A876C5 /* New Group */,
				E96CB1B32817FDFA00179E8F /* GoogleService-Info.plist */,
				E96CB1962817FCD700179E8F /* izaApp.swift */,
				E96CB1982817FCD700179E8F /* ContentView.swift */,
				E96CB19A2817FCD700179E8F /* Assets.xcassets */,
				E96CB19C2817FCD700179E8F /* Preview Content */,
			);
			path = iza;
			sourceTree = "<group>";
		};
		E96CB19C2817FCD700179E8F /* Preview Content */ = {
			isa = PBXGroup;
			children = (
				E96CB19D2817FCD700179E8F /* Preview Assets.xcassets */,
			);
			path = "Preview Content";
			sourceTree = "<group>";
		};
/* End PBXGroup section */

/* Begin PBXNativeTarget section */
		E96CB1922817FCD700179E8F /* iza */ = {
			isa = PBXNativeTarget;
			buildConfigurationList = E96CB1A12817FCD700179E8F /* Build configuration list for PBXNativeTarget "iza" */;
			buildPhases = (
				E96CB18F2817FCD700179E8F /* Sources */,
				E96CB1902817FCD700179E8F /* Frameworks */,
				E96CB1912817FCD700179E8F /* Resources */,
			);
			buildRules = (
			);
			dependencies = (
			);
			name = iza;
			packageProductDependencies = (
				E96CB1AB2817FDAF00179E8F /* FirebaseAuth */,
				E96CB1AD2817FDAF00179E8F /* FirebaseDatabase */,
				E96CB1AF2817FDAF00179E8F /* FirebaseFirestore */,
				E96CB1B12817FDAF00179E8F /* FirebaseStorage */,
			);
			productName = iza;
			productReference = E96CB1932817FCD700179E8F /* iza.app */;
			productType = "com.apple.product-type.application";
		};
/* End PBXNativeTarget section */

/* Begin PBXProject section */
		E96CB18B2817FCD600179E8F /* Project object */ = {
			isa = PBXProject;
			attributes = {
				BuildIndependentTargetsInParallel = 1;
				LastSwiftUpdateCheck = 1330;
				LastUpgradeCheck = 1330;
				TargetAttributes = {
					E96CB1922817FCD700179E8F = {
						CreatedOnToolsVersion = 13.3.1;
					};
				};
			};
			buildConfigurationList = E96CB18E2817FCD600179E8F /* Build configuration list for PBXProject "iza" */;
			compatibilityVersion = "Xcode 13.0";
			developmentRegion = en;
			hasScannedForEncodings = 0;
			knownRegions = (
				en,
				Base,
			);
			mainGroup = E96CB18A2817FCD600179E8F;
			packageReferences = (
				E96CB1AA2817FDAF00179E8F /* XCRemoteSwiftPackageReference "firebase-ios-sdk" */,
			);
			productRefGroup = E96CB1942817FCD700179E8F /* Products */;
			projectDirPath = "";
			projectRoot = "";
			targets = (
				E96CB1922817FCD700179E8F /* iza */,
			);
		};
/* End PBXProject section */

/* Begin PBXResourcesBuildPhase section */
		E96CB1912817FCD700179E8F /* Resources */ = {
			isa = PBXResourcesBuildPhase;
			buildActionMask = 2147483647;
			files = (
				E96CB19E2817FCD700179E8F /* Preview Assets.xcassets in Resources */,
				E96CB19B2817FCD700179E8F /* Assets.xcassets in Resources */,
				E96CB1B42817FDFA00179E8F /* GoogleService-Info.plist in Resources */,
			);
			runOnlyForDeploymentPostprocessing = 0;
		};
/* End PBXResourcesBuildPhase section */

/* Begin PBXSourcesBuildPhase section */
		E96CB18F2817FCD700179E8F /* Sources */ = {
			isa = PBXSourcesBuildPhase;
			buildActionMask = 2147483647;
			files = (
				E955303D281802C500A876C5 /* SignInView.swift in Sources */,
				E95530372818026300A876C5 /* SettingsView.swift in Sources */,
				E95530412818030900A876C5 /* TabBar.swift in Sources */,
				E95530332818023400A876C5 /* FavoritesView.swift in Sources */,
				E96CB1992817FCD700179E8F /* ContentView.swift in Sources */,
				E9553031281801F800A876C5 /* CurrentSeasonView.swift in Sources */,
				E95530352818024B00A876C5 /* HomeView.swift in Sources */,
				E955303F281802CE00A876C5 /* SignUpView.swift in Sources */,
				E955303A2818029C00A876C5 /* RecipeModel.swift in Sources */,
				E96CB1972817FCD700179E8F /* izaApp.swift in Sources */,
				E955302F281801E500A876C5 /* CategoriesView.swift in Sources */,
			);
			runOnlyForDeploymentPostprocessing = 0;
		};
/* End PBXSourcesBuildPhase section */

/* Begin XCBuildConfiguration section */
		E96CB19F2817FCD700179E8F /* Debug */ = {
			isa = XCBuildConfiguration;
			buildSettings = {
				ALWAYS_SEARCH_USER_PATHS = NO;
				CLANG_ANALYZER_NONNULL = YES;
				CLANG_ANALYZER_NUMBER_OBJECT_CONVERSION = YES_AGGRESSIVE;
				CLANG_CXX_LANGUAGE_STANDARD = "gnu++17";
				CLANG_ENABLE_MODULES = YES;
				CLANG_ENABLE_OBJC_ARC = YES;
				CLANG_ENABLE_OBJC_WEAK = YES;
				CLANG_WARN_BLOCK_CAPTURE_AUTORELEASING = YES;
				CLANG_WARN_BOOL_CONVERSION = YES;
				CLANG_WARN_COMMA = YES;
				CLANG_WARN_CONSTANT_CONVERSION = YES;
				CLANG_WARN_DEPRECATED_OBJC_IMPLEMENTATIONS = YES;
				CLANG_WARN_DIRECT_OBJC_ISA_USAGE = YES_ERROR;
				CLANG_WARN_DOCUMENTATION_COMMENTS = YES;
				CLANG_WARN_EMPTY_BODY = YES;
				CLANG_WARN_ENUM_CONVERSION = YES;
				CLANG_WARN_INFINITE_RECURSION = YES;
				CLANG_WARN_INT_CONVERSION = YES;
				CLANG_WARN_NON_LITERAL_NULL_CONVERSION = YES;
				CLANG_WARN_OBJC_IMPLICIT_RETAIN_SELF = YES;
				CLANG_WARN_OBJC_LITERAL_CONVERSION = YES;
				CLANG_WARN_OBJC_ROOT_CLASS = YES_ERROR;
				CLANG_WARN_QUOTED_INCLUDE_IN_FRAMEWORK_HEADER = YES;
				CLANG_WARN_RANGE_LOOP_ANALYSIS = YES;
				CLANG_WARN_STRICT_PROTOTYPES = YES;
				CLANG_WARN_SUSPICIOUS_MOVE = YES;
				CLANG_WARN_UNGUARDED_AVAILABILITY = YES_AGGRESSIVE;
				CLANG_WARN_UNREACHABLE_CODE = YES;
				CLANG_WARN__DUPLICATE_METHOD_MATCH = YES;
				COPY_PHASE_STRIP = NO;
				DEBUG_INFORMATION_FORMAT = dwarf;
				ENABLE_STRICT_OBJC_MSGSEND = YES;
				ENABLE_TESTABILITY = YES;
				GCC_C_LANGUAGE_STANDARD = gnu11;
				GCC_DYNAMIC_NO_PIC = NO;
				GCC_NO_COMMON_BLOCKS = YES;
				GCC_OPTIMIZATION_LEVEL = 0;
				GCC_PREPROCESSOR_DEFINITIONS = (
					"DEBUG=1",
					"$(inherited)",
				);
				GCC_WARN_64_TO_32_BIT_CONVERSION = YES;
				GCC_WARN_ABOUT_RETURN_TYPE = YES_ERROR;
				GCC_WARN_UNDECLARED_SELECTOR = YES;
				GCC_WARN_UNINITIALIZED_AUTOS = YES_AGGRESSIVE;
				GCC_WARN_UNUSED_FUNCTION = YES;
				GCC_WARN_UNUSED_VARIABLE = YES;
				IPHONEOS_DEPLOYMENT_TARGET = 15.4;
				MTL_ENABLE_DEBUG_INFO = INCLUDE_SOURCE;
				MTL_FAST_MATH = YES;
				ONLY_ACTIVE_ARCH = YES;
				SDKROOT = iphoneos;
				SWIFT_ACTIVE_COMPILATION_CONDITIONS = DEBUG;
				SWIFT_OPTIMIZATION_LEVEL = "-Onone";
			};
			name = Debug;
		};
		E96CB1A02817FCD700179E8F /* Release */ = {
			isa = XCBuildConfiguration;
			buildSettings = {
				ALWAYS_SEARCH_USER_PATHS = NO;
				CLANG_ANALYZER_NONNULL = YES;
				CLANG_ANALYZER_NUMBER_OBJECT_CONVERSION = YES_AGGRESSIVE;
				CLANG_CXX_LANGUAGE_STANDARD = "gnu++17";
				CLANG_ENABLE_MODULES = YES;
				CLANG_ENABLE_OBJC_ARC = YES;
				CLANG_ENABLE_OBJC_WEAK = YES;
				CLANG_WARN_BLOCK_CAPTURE_AUTORELEASING = YES;
				CLANG_WARN_BOOL_CONVERSION = YES;
				CLANG_WARN_COMMA = YES;
				CLANG_WARN_CONSTANT_CONVERSION = YES;
				CLANG_WARN_DEPRECATED_OBJC_IMPLEMENTATIONS = YES;
				CLANG_WARN_DIRECT_OBJC_ISA_USAGE = YES_ERROR;
				CLANG_WARN_DOCUMENTATION_COMMENTS = YES;
				CLANG_WARN_EMPTY_BODY = YES;
				CLANG_WARN_ENUM_CONVERSION = YES;
				CLANG_WARN_INFINITE_RECURSION = YES;
				CLANG_WARN_INT_CONVERSION = YES;
				CLANG_WARN_NON_LITERAL_NULL_CONVERSION = YES;
				CLANG_WARN_OBJC_IMPLICIT_RETAIN_SELF = YES;
				CLANG_WARN_OBJC_LITERAL_CONVERSION = YES;
				CLANG_WARN_OBJC_ROOT_CLASS = YES_ERROR;
				CLANG_WARN_QUOTED_INCLUDE_IN_FRAMEWORK_HEADER = YES;
				CLANG_WARN_RANGE_LOOP_ANALYSIS = YES;
				CLANG_WARN_STRICT_PROTOTYPES = YES;
				CLANG_WARN_SUSPICIOUS_MOVE = YES;
				CLANG_WARN_UNGUARDED_AVAILABILITY = YES_AGGRESSIVE;
				CLANG_WARN_UNREACHABLE_CODE = YES;
				CLANG_WARN__DUPLICATE_METHOD_MATCH = YES;
				COPY_PHASE_STRIP = NO;
				DEBUG_INFORMATION_FORMAT = "dwarf-with-dsym";
				ENABLE_NS_ASSERTIONS = NO;
				ENABLE_STRICT_OBJC_MSGSEND = YES;
				GCC_C_LANGUAGE_STANDARD = gnu11;
				GCC_NO_COMMON_BLOCKS = YES;
				GCC_WARN_64_TO_32_BIT_CONVERSION = YES;
				GCC_WARN_ABOUT_RETURN_TYPE = YES_ERROR;
				GCC_WARN_UNDECLARED_SELECTOR = YES;
				GCC_WARN_UNINITIALIZED_AUTOS = YES_AGGRESSIVE;
				GCC_WARN_UNUSED_FUNCTION = YES;
				GCC_WARN_UNUSED_VARIABLE = YES;
				IPHONEOS_DEPLOYMENT_TARGET = 15.4;
				MTL_ENABLE_DEBUG_INFO = NO;
				MTL_FAST_MATH = YES;
				SDKROOT = iphoneos;
				SWIFT_COMPILATION_MODE = wholemodule;
				SWIFT_OPTIMIZATION_LEVEL = "-O";
				VALIDATE_PRODUCT = YES;
			};
			name = Release;
		};
		E96CB1A22817FCD700179E8F /* Debug */ = {
			isa = XCBuildConfiguration;
			buildSettings = {
				ASSETCATALOG_COMPILER_APPICON_NAME = AppIcon;
				ASSETCATALOG_COMPILER_GLOBAL_ACCENT_COLOR_NAME = AccentColor;
				CODE_SIGN_STYLE = Automatic;
				CURRENT_PROJECT_VERSION = 1;
				DEVELOPMENT_ASSET_PATHS = "\"iza/Preview Content\"";
				DEVELOPMENT_TEAM = 9U46D3A9AY;
				ENABLE_PREVIEWS = YES;
				GENERATE_INFOPLIST_FILE = YES;
				INFOPLIST_KEY_UIApplicationSceneManifest_Generation = YES;
				INFOPLIST_KEY_UIApplicationSupportsIndirectInputEvents = YES;
				INFOPLIST_KEY_UILaunchScreen_Generation = YES;
				INFOPLIST_KEY_UISupportedInterfaceOrientations_iPad = "UIInterfaceOrientationPortrait UIInterfaceOrientationPortraitUpsideDown UIInterfaceOrientationLandscapeLeft UIInterfaceOrientationLandscapeRight";
				INFOPLIST_KEY_UISupportedInterfaceOrientations_iPhone = "UIInterfaceOrientationPortrait UIInterfaceOrientationLandscapeLeft UIInterfaceOrientationLandscapeRight";
				LD_RUNPATH_SEARCH_PATHS = (
					"$(inherited)",
					"@executable_path/Frameworks",
				);
				MARKETING_VERSION = 1.0;
				PRODUCT_BUNDLE_IDENTIFIER = com.kratochvil.iza;
				PRODUCT_NAME = "$(TARGET_NAME)";
				SWIFT_EMIT_LOC_STRINGS = YES;
				SWIFT_VERSION = 5.0;
				TARGETED_DEVICE_FAMILY = "1,2";
			};
			name = Debug;
		};
		E96CB1A32817FCD700179E8F /* Release */ = {
			isa = XCBuildConfiguration;
			buildSettings = {
				ASSETCATALOG_COMPILER_APPICON_NAME = AppIcon;
				ASSETCATALOG_COMPILER_GLOBAL_ACCENT_COLOR_NAME = AccentColor;
				CODE_SIGN_STYLE = Automatic;
				CURRENT_PROJECT_VERSION = 1;
				DEVELOPMENT_ASSET_PATHS = "\"iza/Preview Content\"";
				DEVELOPMENT_TEAM = 9U46D3A9AY;
				ENABLE_PREVIEWS = YES;
				GENERATE_INFOPLIST_FILE = YES;
				INFOPLIST_KEY_UIApplicationSceneManifest_Generation = YES;
				INFOPLIST_KEY_UIApplicationSupportsIndirectInputEvents = YES;
				INFOPLIST_KEY_UILaunchScreen_Generation = YES;
				INFOPLIST_KEY_UISupportedInterfaceOrientations_iPad = "UIInterfaceOrientationPortrait UIInterfaceOrientationPortraitUpsideDown UIInterfaceOrientationLandscapeLeft UIInterfaceOrientationLandscapeRight";
				INFOPLIST_KEY_UISupportedInterfaceOrientations_iPhone = "UIInterfaceOrientationPortrait UIInterfaceOrientationLandscapeLeft UIInterfaceOrientationLandscapeRight";
				LD_RUNPATH_SEARCH_PATHS = (
					"$(inherited)",
					"@executable_path/Frameworks",
				);
				MARKETING_VERSION = 1.0;
				PRODUCT_BUNDLE_IDENTIFIER = com.kratochvil.iza;
				PRODUCT_NAME = "$(TARGET_NAME)";
				SWIFT_EMIT_LOC_STRINGS = YES;
				SWIFT_VERSION = 5.0;
				TARGETED_DEVICE_FAMILY = "1,2";
			};
			name = Release;
		};
/* End XCBuildConfiguration section */

/* Begin XCConfigurationList section */
		E96CB18E2817FCD600179E8F /* Build configuration list for PBXProject "iza" */ = {
			isa = XCConfigurationList;
			buildConfigurations = (
				E96CB19F2817FCD700179E8F /* Debug */,
				E96CB1A02817FCD700179E8F /* Release */,
			);
			defaultConfigurationIsVisible = 0;
			defaultConfigurationName = Release;
		};
		E96CB1A12817FCD700179E8F /* Build configuration list for PBXNativeTarget "iza" */ = {
			isa = XCConfigurationList;
			buildConfigurations = (
				E96CB1A22817FCD700179E8F /* Debug */,
				E96CB1A32817FCD700179E8F /* Release */,
			);
			defaultConfigurationIsVisible = 0;
			defaultConfigurationName = Release;
		};
/* End XCConfigurationList section */

/* Begin XCRemoteSwiftPackageReference section */
		E96CB1AA2817FDAF00179E8F /* XCRemoteSwiftPackageReference "firebase-ios-sdk" */ = {
			isa = XCRemoteSwiftPackageReference;
			repositoryURL = "https://github.com/firebase/firebase-ios-sdk.git";
			requirement = {
				kind = upToNextMajorVersion;
				minimumVersion = 8.0.0;
			};
		};
/* End XCRemoteSwiftPackageReference section */

/* Begin XCSwiftPackageProductDependency section */
		E96CB1AB2817FDAF00179E8F /* FirebaseAuth */ = {
			isa = XCSwiftPackageProductDependency;
			package = E96CB1AA2817FDAF00179E8F /* XCRemoteSwiftPackageReference "firebase-ios-sdk" */;
			productName = FirebaseAuth;
		};
		E96CB1AD2817FDAF00179E8F /* FirebaseDatabase */ = {
			isa = XCSwiftPackageProductDependency;
			package = E96CB1AA2817FDAF00179E8F /* XCRemoteSwiftPackageReference "firebase-ios-sdk" */;
			productName = FirebaseDatabase;
		};
		E96CB1AF2817FDAF00179E8F /* FirebaseFirestore */ = {
			isa = XCSwiftPackageProductDependency;
			package = E96CB1AA2817FDAF00179E8F /* XCRemoteSwiftPackageReference "firebase-ios-sdk" */;
			productName = FirebaseFirestore;
		};
		E96CB1B12817FDAF00179E8F /* FirebaseStorage */ = {
			isa = XCSwiftPackageProductDependency;
			package = E96CB1AA2817FDAF00179E8F /* XCRemoteSwiftPackageReference "firebase-ios-sdk" */;
			productName = FirebaseStorage;
		};
/* End XCSwiftPackageProductDependency section */
	};
	rootObject = E96CB18B2817FCD600179E8F /* Project object */;
}
