// !$*UTF8*$!
{
	archiveVersion = 1;
	classes = {
	};
	objectVersion = 55;
	objects = {

/* Begin PBXBuildFile section */
		E90760C12837952000D3CEC9 /* SwiftUICharts in Frameworks */ = {isa = PBXBuildFile; productRef = E90760C02837952000D3CEC9 /* SwiftUICharts */; };
		E90760C42837957400D3CEC9 /* FirebaseStorageSwift-Beta in Frameworks */ = {isa = PBXBuildFile; productRef = E90760C32837957400D3CEC9 /* FirebaseStorageSwift-Beta */; };
		E90760C62837969F00D3CEC9 /* FirebaseFirestoreSwift-Beta in Frameworks */ = {isa = PBXBuildFile; productRef = E90760C52837969F00D3CEC9 /* FirebaseFirestoreSwift-Beta */; };
		E91120B9281A916B005FD9EC /* Boulder.swift in Sources */ = {isa = PBXBuildFile; fileRef = E91120B8281A916B005FD9EC /* Boulder.swift */; };
		E91120BB281A91A8005FD9EC /* AttemptedBoulder.swift in Sources */ = {isa = PBXBuildFile; fileRef = E91120BA281A91A8005FD9EC /* AttemptedBoulder.swift */; };
		E91120BD281A91BA005FD9EC /* Attempt.swift in Sources */ = {isa = PBXBuildFile; fileRef = E91120BC281A91BA005FD9EC /* Attempt.swift */; };
		E91120BF281A91D0005FD9EC /* Enums.swift in Sources */ = {isa = PBXBuildFile; fileRef = E91120BE281A91D0005FD9EC /* Enums.swift */; };
		E91120C3281A9A0E005FD9EC /* GoogleService-Info.plist in Resources */ = {isa = PBXBuildFile; fileRef = E91120C2281A9A0E005FD9EC /* GoogleService-Info.plist */; };
		E91120CD281AD2AD005FD9EC /* PersonLeaderboardDetail.swift in Sources */ = {isa = PBXBuildFile; fileRef = E91120CC281AD2AD005FD9EC /* PersonLeaderboardDetail.swift */; };
		E955302F281801E500A876C5 /* PreviousSeasonsView.swift in Sources */ = {isa = PBXBuildFile; fileRef = E955302E281801E500A876C5 /* PreviousSeasonsView.swift */; };
		E9553031281801F800A876C5 /* CurrentSeasonView.swift in Sources */ = {isa = PBXBuildFile; fileRef = E9553030281801F800A876C5 /* CurrentSeasonView.swift */; };
		E95530332818023400A876C5 /* PerformanceView.swift in Sources */ = {isa = PBXBuildFile; fileRef = E95530322818023400A876C5 /* PerformanceView.swift */; };
		E95530352818024B00A876C5 /* LeaderboardView.swift in Sources */ = {isa = PBXBuildFile; fileRef = E95530342818024B00A876C5 /* LeaderboardView.swift */; };
		E95530372818026300A876C5 /* SettingsView.swift in Sources */ = {isa = PBXBuildFile; fileRef = E95530362818026300A876C5 /* SettingsView.swift */; };
		E955303D281802C500A876C5 /* SignInView.swift in Sources */ = {isa = PBXBuildFile; fileRef = E955303C281802C500A876C5 /* SignInView.swift */; };
		E955303F281802CE00A876C5 /* SignUpView.swift in Sources */ = {isa = PBXBuildFile; fileRef = E955303E281802CE00A876C5 /* SignUpView.swift */; };
		E95530412818030900A876C5 /* TabBar.swift in Sources */ = {isa = PBXBuildFile; fileRef = E95530402818030900A876C5 /* TabBar.swift */; };
		E95530442818097900A876C5 /* LoginViewModel.swift in Sources */ = {isa = PBXBuildFile; fileRef = E95530432818097900A876C5 /* LoginViewModel.swift */; };
		E955304B2818120D00A876C5 /* EntryField.swift in Sources */ = {isa = PBXBuildFile; fileRef = E955304A2818120D00A876C5 /* EntryField.swift */; };
		E955304D281839EB00A876C5 /* User.swift in Sources */ = {isa = PBXBuildFile; fileRef = E955304C281839EB00A876C5 /* User.swift */; };
		E96CB1972817FCD700179E8F /* izaApp.swift in Sources */ = {isa = PBXBuildFile; fileRef = E96CB1962817FCD700179E8F /* izaApp.swift */; };
		E96CB1992817FCD700179E8F /* ContentView.swift in Sources */ = {isa = PBXBuildFile; fileRef = E96CB1982817FCD700179E8F /* ContentView.swift */; };
		E96CB19B2817FCD700179E8F /* Assets.xcassets in Resources */ = {isa = PBXBuildFile; fileRef = E96CB19A2817FCD700179E8F /* Assets.xcassets */; };
		E96CB19E2817FCD700179E8F /* Preview Assets.xcassets in Resources */ = {isa = PBXBuildFile; fileRef = E96CB19D2817FCD700179E8F /* Preview Assets.xcassets */; };
		E96CB1AC2817FDAF00179E8F /* FirebaseAuth in Frameworks */ = {isa = PBXBuildFile; productRef = E96CB1AB2817FDAF00179E8F /* FirebaseAuth */; };
		E96CB1B02817FDAF00179E8F /* FirebaseFirestore in Frameworks */ = {isa = PBXBuildFile; productRef = E96CB1AF2817FDAF00179E8F /* FirebaseFirestore */; };
		E9708EFE281BDBF9001FEF5E /* BoulderDetail.swift in Sources */ = {isa = PBXBuildFile; fileRef = E9708EFD281BDBF9001FEF5E /* BoulderDetail.swift */; };
		E9A126192835281F00539578 /* DateViewModel.swift in Sources */ = {isa = PBXBuildFile; fileRef = E9A126182835281F00539578 /* DateViewModel.swift */; };
		E9C4DD3E282180A20005AC1E /* FirestoreManager.swift in Sources */ = {isa = PBXBuildFile; fileRef = E9C4DD3D282180A20005AC1E /* FirestoreManager.swift */; };
		E9C4DD40282183BF0005AC1E /* Season.swift in Sources */ = {isa = PBXBuildFile; fileRef = E9C4DD3F282183BF0005AC1E /* Season.swift */; };
		E9C4DD4228227F9B0005AC1E /* UserScore.swift in Sources */ = {isa = PBXBuildFile; fileRef = E9C4DD4128227F9B0005AC1E /* UserScore.swift */; };
		E9CE7B7428186A98003BFFF7 /* BoulderListItem.swift in Sources */ = {isa = PBXBuildFile; fileRef = E9CE7B7328186A98003BFFF7 /* BoulderListItem.swift */; };
		E9CE7B7728186E68003BFFF7 /* SmallPillLabel.swift in Sources */ = {isa = PBXBuildFile; fileRef = E9CE7B7628186E68003BFFF7 /* SmallPillLabel.swift */; };
		E9CE7B7928187530003BFFF7 /* ColorExtension.swift in Sources */ = {isa = PBXBuildFile; fileRef = E9CE7B7828187530003BFFF7 /* ColorExtension.swift */; };
		E9E84AC528302644002E3934 /* CircleButton.swift in Sources */ = {isa = PBXBuildFile; fileRef = E9E84AC428302644002E3934 /* CircleButton.swift */; };
/* End PBXBuildFile section */

/* Begin PBXFileReference section */
		E91120B8281A916B005FD9EC /* Boulder.swift */ = {isa = PBXFileReference; lastKnownFileType = sourcecode.swift; path = Boulder.swift; sourceTree = "<group>"; };
		E91120BA281A91A8005FD9EC /* AttemptedBoulder.swift */ = {isa = PBXFileReference; lastKnownFileType = sourcecode.swift; path = AttemptedBoulder.swift; sourceTree = "<group>"; };
		E91120BC281A91BA005FD9EC /* Attempt.swift */ = {isa = PBXFileReference; lastKnownFileType = sourcecode.swift; path = Attempt.swift; sourceTree = "<group>"; };
		E91120BE281A91D0005FD9EC /* Enums.swift */ = {isa = PBXFileReference; lastKnownFileType = sourcecode.swift; path = Enums.swift; sourceTree = "<group>"; };
		E91120C2281A9A0E005FD9EC /* GoogleService-Info.plist */ = {isa = PBXFileReference; fileEncoding = 4; lastKnownFileType = text.plist.xml; name = "GoogleService-Info.plist"; path = "iza/GoogleService-Info.plist"; sourceTree = "<group>"; };
		E91120CC281AD2AD005FD9EC /* PersonLeaderboardDetail.swift */ = {isa = PBXFileReference; lastKnownFileType = sourcecode.swift; path = PersonLeaderboardDetail.swift; sourceTree = "<group>"; };
		E955302E281801E500A876C5 /* PreviousSeasonsView.swift */ = {isa = PBXFileReference; lastKnownFileType = sourcecode.swift; path = PreviousSeasonsView.swift; sourceTree = "<group>"; };
		E9553030281801F800A876C5 /* CurrentSeasonView.swift */ = {isa = PBXFileReference; lastKnownFileType = sourcecode.swift; path = CurrentSeasonView.swift; sourceTree = "<group>"; };
		E95530322818023400A876C5 /* PerformanceView.swift */ = {isa = PBXFileReference; lastKnownFileType = sourcecode.swift; path = PerformanceView.swift; sourceTree = "<group>"; };
		E95530342818024B00A876C5 /* LeaderboardView.swift */ = {isa = PBXFileReference; lastKnownFileType = sourcecode.swift; path = LeaderboardView.swift; sourceTree = "<group>"; };
		E95530362818026300A876C5 /* SettingsView.swift */ = {isa = PBXFileReference; lastKnownFileType = sourcecode.swift; path = SettingsView.swift; sourceTree = "<group>"; };
		E955303C281802C500A876C5 /* SignInView.swift */ = {isa = PBXFileReference; lastKnownFileType = sourcecode.swift; path = SignInView.swift; sourceTree = "<group>"; };
		E955303E281802CE00A876C5 /* SignUpView.swift */ = {isa = PBXFileReference; lastKnownFileType = sourcecode.swift; path = SignUpView.swift; sourceTree = "<group>"; };
		E95530402818030900A876C5 /* TabBar.swift */ = {isa = PBXFileReference; lastKnownFileType = sourcecode.swift; path = TabBar.swift; sourceTree = "<group>"; };
		E95530432818097900A876C5 /* LoginViewModel.swift */ = {isa = PBXFileReference; lastKnownFileType = sourcecode.swift; path = LoginViewModel.swift; sourceTree = "<group>"; };
		E955304A2818120D00A876C5 /* EntryField.swift */ = {isa = PBXFileReference; lastKnownFileType = sourcecode.swift; path = EntryField.swift; sourceTree = "<group>"; };
		E955304C281839EB00A876C5 /* User.swift */ = {isa = PBXFileReference; lastKnownFileType = sourcecode.swift; path = User.swift; sourceTree = "<group>"; };
		E96CB1932817FCD700179E8F /* iza.app */ = {isa = PBXFileReference; explicitFileType = wrapper.application; includeInIndex = 0; path = iza.app; sourceTree = BUILT_PRODUCTS_DIR; };
		E96CB1962817FCD700179E8F /* izaApp.swift */ = {isa = PBXFileReference; lastKnownFileType = sourcecode.swift; path = izaApp.swift; sourceTree = "<group>"; };
		E96CB1982817FCD700179E8F /* ContentView.swift */ = {isa = PBXFileReference; lastKnownFileType = sourcecode.swift; path = ContentView.swift; sourceTree = "<group>"; };
		E96CB19A2817FCD700179E8F /* Assets.xcassets */ = {isa = PBXFileReference; lastKnownFileType = folder.assetcatalog; path = Assets.xcassets; sourceTree = "<group>"; };
		E96CB19D2817FCD700179E8F /* Preview Assets.xcassets */ = {isa = PBXFileReference; lastKnownFileType = folder.assetcatalog; path = "Preview Assets.xcassets"; sourceTree = "<group>"; };
		E9708EFD281BDBF9001FEF5E /* BoulderDetail.swift */ = {isa = PBXFileReference; lastKnownFileType = sourcecode.swift; path = BoulderDetail.swift; sourceTree = "<group>"; };
		E9A126182835281F00539578 /* DateViewModel.swift */ = {isa = PBXFileReference; lastKnownFileType = sourcecode.swift; path = DateViewModel.swift; sourceTree = "<group>"; };
		E9C4DD3D282180A20005AC1E /* FirestoreManager.swift */ = {isa = PBXFileReference; lastKnownFileType = sourcecode.swift; path = FirestoreManager.swift; sourceTree = "<group>"; };
		E9C4DD3F282183BF0005AC1E /* Season.swift */ = {isa = PBXFileReference; lastKnownFileType = sourcecode.swift; path = Season.swift; sourceTree = "<group>"; };
		E9C4DD4128227F9B0005AC1E /* UserScore.swift */ = {isa = PBXFileReference; lastKnownFileType = sourcecode.swift; path = UserScore.swift; sourceTree = "<group>"; };
		E9CE7B7328186A98003BFFF7 /* BoulderListItem.swift */ = {isa = PBXFileReference; lastKnownFileType = sourcecode.swift; path = BoulderListItem.swift; sourceTree = "<group>"; };
		E9CE7B7628186E68003BFFF7 /* SmallPillLabel.swift */ = {isa = PBXFileReference; lastKnownFileType = sourcecode.swift; path = SmallPillLabel.swift; sourceTree = "<group>"; };
		E9CE7B7828187530003BFFF7 /* ColorExtension.swift */ = {isa = PBXFileReference; lastKnownFileType = sourcecode.swift; path = ColorExtension.swift; sourceTree = "<group>"; };
		E9E84AC428302644002E3934 /* CircleButton.swift */ = {isa = PBXFileReference; lastKnownFileType = sourcecode.swift; path = CircleButton.swift; sourceTree = "<group>"; };
/* End PBXFileReference section */

/* Begin PBXFrameworksBuildPhase section */
		E96CB1902817FCD700179E8F /* Frameworks */ = {
			isa = PBXFrameworksBuildPhase;
			buildActionMask = 2147483647;
			files = (
				E90760C12837952000D3CEC9 /* SwiftUICharts in Frameworks */,
				E90760C42837957400D3CEC9 /* FirebaseStorageSwift-Beta in Frameworks */,
				E90760C62837969F00D3CEC9 /* FirebaseFirestoreSwift-Beta in Frameworks */,
				E96CB1AC2817FDAF00179E8F /* FirebaseAuth in Frameworks */,
				E96CB1B02817FDAF00179E8F /* FirebaseFirestore in Frameworks */,
			);
			runOnlyForDeploymentPostprocessing = 0;
		};
/* End PBXFrameworksBuildPhase section */

/* Begin PBXGroup section */
		E90760C22837957400D3CEC9 /* Frameworks */ = {
			isa = PBXGroup;
			children = (
			);
			name = Frameworks;
			sourceTree = "<group>";
		};
		E955302C281801C600A876C5 /* View */ = {
			isa = PBXGroup;
			children = (
				E9553049281811FE00A876C5 /* Components */,
				E955303B281802B700A876C5 /* Authentication */,
				E955302D281801D000A876C5 /* Main */,
			);
			path = View;
			sourceTree = "<group>";
		};
		E955302D281801D000A876C5 /* Main */ = {
			isa = PBXGroup;
			children = (
				E955302E281801E500A876C5 /* PreviousSeasonsView.swift */,
				E9553030281801F800A876C5 /* CurrentSeasonView.swift */,
				E95530322818023400A876C5 /* PerformanceView.swift */,
				E95530342818024B00A876C5 /* LeaderboardView.swift */,
				E95530362818026300A876C5 /* SettingsView.swift */,
				E95530402818030900A876C5 /* TabBar.swift */,
			);
			path = Main;
			sourceTree = "<group>";
		};
		E95530382818029100A876C5 /* Model */ = {
			isa = PBXGroup;
			children = (
				E955304C281839EB00A876C5 /* User.swift */,
				E9CE7B7828187530003BFFF7 /* ColorExtension.swift */,
				E91120B8281A916B005FD9EC /* Boulder.swift */,
				E91120BA281A91A8005FD9EC /* AttemptedBoulder.swift */,
				E91120BC281A91BA005FD9EC /* Attempt.swift */,
				E91120BE281A91D0005FD9EC /* Enums.swift */,
				E9C4DD3F282183BF0005AC1E /* Season.swift */,
				E9C4DD4128227F9B0005AC1E /* UserScore.swift */,
			);
			path = Model;
			sourceTree = "<group>";
		};
		E955303B281802B700A876C5 /* Authentication */ = {
			isa = PBXGroup;
			children = (
				E955303C281802C500A876C5 /* SignInView.swift */,
				E955303E281802CE00A876C5 /* SignUpView.swift */,
			);
			path = Authentication;
			sourceTree = "<group>";
		};
		E95530422818096D00A876C5 /* ViewModel */ = {
			isa = PBXGroup;
			children = (
				E95530432818097900A876C5 /* LoginViewModel.swift */,
				E9C4DD3D282180A20005AC1E /* FirestoreManager.swift */,
				E9A126182835281F00539578 /* DateViewModel.swift */,
			);
			path = ViewModel;
			sourceTree = "<group>";
		};
		E9553049281811FE00A876C5 /* Components */ = {
			isa = PBXGroup;
			children = (
				E91120CC281AD2AD005FD9EC /* PersonLeaderboardDetail.swift */,
				E955304A2818120D00A876C5 /* EntryField.swift */,
				E9CE7B7328186A98003BFFF7 /* BoulderListItem.swift */,
				E9CE7B7628186E68003BFFF7 /* SmallPillLabel.swift */,
				E9708EFD281BDBF9001FEF5E /* BoulderDetail.swift */,
				E9E84AC428302644002E3934 /* CircleButton.swift */,
			);
			path = Components;
			sourceTree = "<group>";
		};
		E96CB18A2817FCD600179E8F = {
			isa = PBXGroup;
			children = (
				E91120C2281A9A0E005FD9EC /* GoogleService-Info.plist */,
				E96CB1952817FCD700179E8F /* iza */,
				E96CB1942817FCD700179E8F /* Products */,
				E90760C22837957400D3CEC9 /* Frameworks */,
			);
			sourceTree = "<group>";
		};
		E96CB1942817FCD700179E8F /* Products */ = {
			isa = PBXGroup;
			children = (
				E96CB1932817FCD700179E8F /* iza.app */,
			);
			name = Products;
			sourceTree = "<group>";
		};
		E96CB1952817FCD700179E8F /* iza */ = {
			isa = PBXGroup;
			children = (
				E95530422818096D00A876C5 /* ViewModel */,
				E95530382818029100A876C5 /* Model */,
				E955302C281801C600A876C5 /* View */,
				E96CB1962817FCD700179E8F /* izaApp.swift */,
				E96CB1982817FCD700179E8F /* ContentView.swift */,
				E96CB19A2817FCD700179E8F /* Assets.xcassets */,
				E96CB19C2817FCD700179E8F /* Preview Content */,
			);
			path = iza;
			sourceTree = "<group>";
		};
		E96CB19C2817FCD700179E8F /* Preview Content */ = {
			isa = PBXGroup;
			children = (
				E96CB19D2817FCD700179E8F /* Preview Assets.xcassets */,
			);
			path = "Preview Content";
			sourceTree = "<group>";
		};
/* End PBXGroup section */

/* Begin PBXNativeTarget section */
		E96CB1922817FCD700179E8F /* iza */ = {
			isa = PBXNativeTarget;
			buildConfigurationList = E96CB1A12817FCD700179E8F /* Build configuration list for PBXNativeTarget "iza" */;
			buildPhases = (
				E96CB18F2817FCD700179E8F /* Sources */,
				E96CB1902817FCD700179E8F /* Frameworks */,
				E96CB1912817FCD700179E8F /* Resources */,
			);
			buildRules = (
			);
			dependencies = (
			);
			name = iza;
			packageProductDependencies = (
				E96CB1AB2817FDAF00179E8F /* FirebaseAuth */,
				E96CB1AF2817FDAF00179E8F /* FirebaseFirestore */,
				E90760C02837952000D3CEC9 /* SwiftUICharts */,
				E90760C32837957400D3CEC9 /* FirebaseStorageSwift-Beta */,
				E90760C52837969F00D3CEC9 /* FirebaseFirestoreSwift-Beta */,
			);
			productName = iza;
			productReference = E96CB1932817FCD700179E8F /* iza.app */;
			productType = "com.apple.product-type.application";
		};
/* End PBXNativeTarget section */

/* Begin PBXProject section */
		E96CB18B2817FCD600179E8F /* Project object */ = {
			isa = PBXProject;
			attributes = {
				BuildIndependentTargetsInParallel = 1;
				LastSwiftUpdateCheck = 1330;
				LastUpgradeCheck = 1330;
				TargetAttributes = {
					E96CB1922817FCD700179E8F = {
						CreatedOnToolsVersion = 13.3.1;
					};
				};
			};
			buildConfigurationList = E96CB18E2817FCD600179E8F /* Build configuration list for PBXProject "iza" */;
			compatibilityVersion = "Xcode 13.0";
			developmentRegion = en;
			hasScannedForEncodings = 0;
			knownRegions = (
				en,
				Base,
			);
			mainGroup = E96CB18A2817FCD600179E8F;
			packageReferences = (
				E96CB1AA2817FDAF00179E8F /* XCRemoteSwiftPackageReference "firebase-ios-sdk" */,
				E91120AB281A7421005FD9EC /* XCRemoteSwiftPackageReference "promises" */,
				E9C4DD2E28210E400005AC1E /* XCRemoteSwiftPackageReference "firebase-ios-sdk" */,
				E90760BF2837952000D3CEC9 /* XCRemoteSwiftPackageReference "ChartView" */,
			);
			productRefGroup = E96CB1942817FCD700179E8F /* Products */;
			projectDirPath = "";
			projectRoot = "";
			targets = (
				E96CB1922817FCD700179E8F /* iza */,
			);
		};
/* End PBXProject section */

/* Begin PBXResourcesBuildPhase section */
		E96CB1912817FCD700179E8F /* Resources */ = {
			isa = PBXResourcesBuildPhase;
			buildActionMask = 2147483647;
			files = (
				E96CB19E2817FCD700179E8F /* Preview Assets.xcassets in Resources */,
				E96CB19B2817FCD700179E8F /* Assets.xcassets in Resources */,
				E91120C3281A9A0E005FD9EC /* GoogleService-Info.plist in Resources */,
			);
			runOnlyForDeploymentPostprocessing = 0;
		};
/* End PBXResourcesBuildPhase section */

/* Begin PBXSourcesBuildPhase section */
		E96CB18F2817FCD700179E8F /* Sources */ = {
			isa = PBXSourcesBuildPhase;
			buildActionMask = 2147483647;
			files = (
				E91120BD281A91BA005FD9EC /* Attempt.swift in Sources */,
				E91120CD281AD2AD005FD9EC /* PersonLeaderboardDetail.swift in Sources */,
				E955304B2818120D00A876C5 /* EntryField.swift in Sources */,
				E955303D281802C500A876C5 /* SignInView.swift in Sources */,
				E9CE7B7928187530003BFFF7 /* ColorExtension.swift in Sources */,
				E9E84AC528302644002E3934 /* CircleButton.swift in Sources */,
				E95530372818026300A876C5 /* SettingsView.swift in Sources */,
				E95530412818030900A876C5 /* TabBar.swift in Sources */,
				E95530332818023400A876C5 /* PerformanceView.swift in Sources */,
				E96CB1992817FCD700179E8F /* ContentView.swift in Sources */,
				E9C4DD4228227F9B0005AC1E /* UserScore.swift in Sources */,
				E9553031281801F800A876C5 /* CurrentSeasonView.swift in Sources */,
				E91120BF281A91D0005FD9EC /* Enums.swift in Sources */,
				E95530352818024B00A876C5 /* LeaderboardView.swift in Sources */,
				E9C4DD3E282180A20005AC1E /* FirestoreManager.swift in Sources */,
				E9A126192835281F00539578 /* DateViewModel.swift in Sources */,
				E91120BB281A91A8005FD9EC /* AttemptedBoulder.swift in Sources */,
				E955303F281802CE00A876C5 /* SignUpView.swift in Sources */,
				E95530442818097900A876C5 /* LoginViewModel.swift in Sources */,
				E91120B9281A916B005FD9EC /* Boulder.swift in Sources */,
				E9708EFE281BDBF9001FEF5E /* BoulderDetail.swift in Sources */,
				E96CB1972817FCD700179E8F /* izaApp.swift in Sources */,
				E955304D281839EB00A876C5 /* User.swift in Sources */,
				E9C4DD40282183BF0005AC1E /* Season.swift in Sources */,
				E9CE7B7728186E68003BFFF7 /* SmallPillLabel.swift in Sources */,
				E9CE7B7428186A98003BFFF7 /* BoulderListItem.swift in Sources */,
				E955302F281801E500A876C5 /* PreviousSeasonsView.swift in Sources */,
			);
			runOnlyForDeploymentPostprocessing = 0;
		};
/* End PBXSourcesBuildPhase section */

/* Begin XCBuildConfiguration section */
		E96CB19F2817FCD700179E8F /* Debug */ = {
			isa = XCBuildConfiguration;
			buildSettings = {
				ALWAYS_SEARCH_USER_PATHS = NO;
				CLANG_ANALYZER_NONNULL = YES;
				CLANG_ANALYZER_NUMBER_OBJECT_CONVERSION = YES_AGGRESSIVE;
				CLANG_CXX_LANGUAGE_STANDARD = "gnu++17";
				CLANG_ENABLE_MODULES = YES;
				CLANG_ENABLE_OBJC_ARC = YES;
				CLANG_ENABLE_OBJC_WEAK = YES;
				CLANG_WARN_BLOCK_CAPTURE_AUTORELEASING = YES;
				CLANG_WARN_BOOL_CONVERSION = YES;
				CLANG_WARN_COMMA = YES;
				CLANG_WARN_CONSTANT_CONVERSION = YES;
				CLANG_WARN_DEPRECATED_OBJC_IMPLEMENTATIONS = YES;
				CLANG_WARN_DIRECT_OBJC_ISA_USAGE = YES_ERROR;
				CLANG_WARN_DOCUMENTATION_COMMENTS = YES;
				CLANG_WARN_EMPTY_BODY = YES;
				CLANG_WARN_ENUM_CONVERSION = YES;
				CLANG_WARN_INFINITE_RECURSION = YES;
				CLANG_WARN_INT_CONVERSION = YES;
				CLANG_WARN_NON_LITERAL_NULL_CONVERSION = YES;
				CLANG_WARN_OBJC_IMPLICIT_RETAIN_SELF = YES;
				CLANG_WARN_OBJC_LITERAL_CONVERSION = YES;
				CLANG_WARN_OBJC_ROOT_CLASS = YES_ERROR;
				CLANG_WARN_QUOTED_INCLUDE_IN_FRAMEWORK_HEADER = YES;
				CLANG_WARN_RANGE_LOOP_ANALYSIS = YES;
				CLANG_WARN_STRICT_PROTOTYPES = YES;
				CLANG_WARN_SUSPICIOUS_MOVE = YES;
				CLANG_WARN_UNGUARDED_AVAILABILITY = YES_AGGRESSIVE;
				CLANG_WARN_UNREACHABLE_CODE = YES;
				CLANG_WARN__DUPLICATE_METHOD_MATCH = YES;
				COPY_PHASE_STRIP = NO;
				DEBUG_INFORMATION_FORMAT = dwarf;
				ENABLE_STRICT_OBJC_MSGSEND = YES;
				ENABLE_TESTABILITY = YES;
				GCC_C_LANGUAGE_STANDARD = gnu11;
				GCC_DYNAMIC_NO_PIC = NO;
				GCC_NO_COMMON_BLOCKS = YES;
				GCC_OPTIMIZATION_LEVEL = 0;
				GCC_PREPROCESSOR_DEFINITIONS = (
					"DEBUG=1",
					"$(inherited)",
				);
				GCC_WARN_64_TO_32_BIT_CONVERSION = YES;
				GCC_WARN_ABOUT_RETURN_TYPE = YES_ERROR;
				GCC_WARN_UNDECLARED_SELECTOR = YES;
				GCC_WARN_UNINITIALIZED_AUTOS = YES_AGGRESSIVE;
				GCC_WARN_UNUSED_FUNCTION = YES;
				GCC_WARN_UNUSED_VARIABLE = YES;
				IPHONEOS_DEPLOYMENT_TARGET = 15.4;
				MTL_ENABLE_DEBUG_INFO = INCLUDE_SOURCE;
				MTL_FAST_MATH = YES;
				ONLY_ACTIVE_ARCH = YES;
				SDKROOT = iphoneos;
				SWIFT_ACTIVE_COMPILATION_CONDITIONS = DEBUG;
				SWIFT_OPTIMIZATION_LEVEL = "-Onone";
			};
			name = Debug;
		};
		E96CB1A02817FCD700179E8F /* Release */ = {
			isa = XCBuildConfiguration;
			buildSettings = {
				ALWAYS_SEARCH_USER_PATHS = NO;
				CLANG_ANALYZER_NONNULL = YES;
				CLANG_ANALYZER_NUMBER_OBJECT_CONVERSION = YES_AGGRESSIVE;
				CLANG_CXX_LANGUAGE_STANDARD = "gnu++17";
				CLANG_ENABLE_MODULES = YES;
				CLANG_ENABLE_OBJC_ARC = YES;
				CLANG_ENABLE_OBJC_WEAK = YES;
				CLANG_WARN_BLOCK_CAPTURE_AUTORELEASING = YES;
				CLANG_WARN_BOOL_CONVERSION = YES;
				CLANG_WARN_COMMA = YES;
				CLANG_WARN_CONSTANT_CONVERSION = YES;
				CLANG_WARN_DEPRECATED_OBJC_IMPLEMENTATIONS = YES;
				CLANG_WARN_DIRECT_OBJC_ISA_USAGE = YES_ERROR;
				CLANG_WARN_DOCUMENTATION_COMMENTS = YES;
				CLANG_WARN_EMPTY_BODY = YES;
				CLANG_WARN_ENUM_CONVERSION = YES;
				CLANG_WARN_INFINITE_RECURSION = YES;
				CLANG_WARN_INT_CONVERSION = YES;
				CLANG_WARN_NON_LITERAL_NULL_CONVERSION = YES;
				CLANG_WARN_OBJC_IMPLICIT_RETAIN_SELF = YES;
				CLANG_WARN_OBJC_LITERAL_CONVERSION = YES;
				CLANG_WARN_OBJC_ROOT_CLASS = YES_ERROR;
				CLANG_WARN_QUOTED_INCLUDE_IN_FRAMEWORK_HEADER = YES;
				CLANG_WARN_RANGE_LOOP_ANALYSIS = YES;
				CLANG_WARN_STRICT_PROTOTYPES = YES;
				CLANG_WARN_SUSPICIOUS_MOVE = YES;
				CLANG_WARN_UNGUARDED_AVAILABILITY = YES_AGGRESSIVE;
				CLANG_WARN_UNREACHABLE_CODE = YES;
				CLANG_WARN__DUPLICATE_METHOD_MATCH = YES;
				COPY_PHASE_STRIP = NO;
				DEBUG_INFORMATION_FORMAT = "dwarf-with-dsym";
				ENABLE_NS_ASSERTIONS = NO;
				ENABLE_STRICT_OBJC_MSGSEND = YES;
				GCC_C_LANGUAGE_STANDARD = gnu11;
				GCC_NO_COMMON_BLOCKS = YES;
				GCC_WARN_64_TO_32_BIT_CONVERSION = YES;
				GCC_WARN_ABOUT_RETURN_TYPE = YES_ERROR;
				GCC_WARN_UNDECLARED_SELECTOR = YES;
				GCC_WARN_UNINITIALIZED_AUTOS = YES_AGGRESSIVE;
				GCC_WARN_UNUSED_FUNCTION = YES;
				GCC_WARN_UNUSED_VARIABLE = YES;
				IPHONEOS_DEPLOYMENT_TARGET = 15.4;
				MTL_ENABLE_DEBUG_INFO = NO;
				MTL_FAST_MATH = YES;
				SDKROOT = iphoneos;
				SWIFT_COMPILATION_MODE = wholemodule;
				SWIFT_OPTIMIZATION_LEVEL = "-O";
				VALIDATE_PRODUCT = YES;
			};
			name = Release;
		};
		E96CB1A22817FCD700179E8F /* Debug */ = {
			isa = XCBuildConfiguration;
			buildSettings = {
				ASSETCATALOG_COMPILER_APPICON_NAME = AppIcon;
				ASSETCATALOG_COMPILER_GLOBAL_ACCENT_COLOR_NAME = AccentColor;
				CODE_SIGN_STYLE = Automatic;
				CURRENT_PROJECT_VERSION = 1;
				DEVELOPMENT_ASSET_PATHS = "\"iza/Preview Content\"";
				DEVELOPMENT_TEAM = 9U46D3A9AY;
				ENABLE_PREVIEWS = YES;
				GENERATE_INFOPLIST_FILE = YES;
				INFOPLIST_KEY_UIApplicationSceneManifest_Generation = YES;
				INFOPLIST_KEY_UIApplicationSupportsIndirectInputEvents = YES;
				INFOPLIST_KEY_UILaunchScreen_Generation = YES;
				INFOPLIST_KEY_UISupportedInterfaceOrientations_iPad = "UIInterfaceOrientationPortrait UIInterfaceOrientationPortraitUpsideDown UIInterfaceOrientationLandscapeLeft UIInterfaceOrientationLandscapeRight";
				INFOPLIST_KEY_UISupportedInterfaceOrientations_iPhone = "UIInterfaceOrientationPortrait UIInterfaceOrientationLandscapeLeft UIInterfaceOrientationLandscapeRight";
				LD_RUNPATH_SEARCH_PATHS = (
					"$(inherited)",
					"@executable_path/Frameworks",
				);
				MARKETING_VERSION = 1.0;
				PRODUCT_BUNDLE_IDENTIFIER = com.kratochvil.iza;
				PRODUCT_NAME = "$(TARGET_NAME)";
				SWIFT_EMIT_LOC_STRINGS = YES;
				SWIFT_VERSION = 5.0;
				TARGETED_DEVICE_FAMILY = "1,2";
			};
			name = Debug;
		};
		E96CB1A32817FCD700179E8F /* Release */ = {
			isa = XCBuildConfiguration;
			buildSettings = {
				ASSETCATALOG_COMPILER_APPICON_NAME = AppIcon;
				ASSETCATALOG_COMPILER_GLOBAL_ACCENT_COLOR_NAME = AccentColor;
				CODE_SIGN_STYLE = Automatic;
				CURRENT_PROJECT_VERSION = 1;
				DEVELOPMENT_ASSET_PATHS = "\"iza/Preview Content\"";
				DEVELOPMENT_TEAM = 9U46D3A9AY;
				ENABLE_PREVIEWS = YES;
				GENERATE_INFOPLIST_FILE = YES;
				INFOPLIST_KEY_UIApplicationSceneManifest_Generation = YES;
				INFOPLIST_KEY_UIApplicationSupportsIndirectInputEvents = YES;
				INFOPLIST_KEY_UILaunchScreen_Generation = YES;
				INFOPLIST_KEY_UISupportedInterfaceOrientations_iPad = "UIInterfaceOrientationPortrait UIInterfaceOrientationPortraitUpsideDown UIInterfaceOrientationLandscapeLeft UIInterfaceOrientationLandscapeRight";
				INFOPLIST_KEY_UISupportedInterfaceOrientations_iPhone = "UIInterfaceOrientationPortrait UIInterfaceOrientationLandscapeLeft UIInterfaceOrientationLandscapeRight";
				LD_RUNPATH_SEARCH_PATHS = (
					"$(inherited)",
					"@executable_path/Frameworks",
				);
				MARKETING_VERSION = 1.0;
				PRODUCT_BUNDLE_IDENTIFIER = com.kratochvil.iza;
				PRODUCT_NAME = "$(TARGET_NAME)";
				SWIFT_EMIT_LOC_STRINGS = YES;
				SWIFT_VERSION = 5.0;
				TARGETED_DEVICE_FAMILY = "1,2";
			};
			name = Release;
		};
/* End XCBuildConfiguration section */

/* Begin XCConfigurationList section */
		E96CB18E2817FCD600179E8F /* Build configuration list for PBXProject "iza" */ = {
			isa = XCConfigurationList;
			buildConfigurations = (
				E96CB19F2817FCD700179E8F /* Debug */,
				E96CB1A02817FCD700179E8F /* Release */,
			);
			defaultConfigurationIsVisible = 0;
			defaultConfigurationName = Release;
		};
		E96CB1A12817FCD700179E8F /* Build configuration list for PBXNativeTarget "iza" */ = {
			isa = XCConfigurationList;
			buildConfigurations = (
				E96CB1A22817FCD700179E8F /* Debug */,
				E96CB1A32817FCD700179E8F /* Release */,
			);
			defaultConfigurationIsVisible = 0;
			defaultConfigurationName = Release;
		};
/* End XCConfigurationList section */

/* Begin XCRemoteSwiftPackageReference section */
		E90760BF2837952000D3CEC9 /* XCRemoteSwiftPackageReference "ChartView" */ = {
			isa = XCRemoteSwiftPackageReference;
			repositoryURL = "https://github.com/AppPear/ChartView";
			requirement = {
				kind = upToNextMajorVersion;
				minimumVersion = 1.5.5;
			};
		};
		E91120AB281A7421005FD9EC /* XCRemoteSwiftPackageReference "promises" */ = {
			isa = XCRemoteSwiftPackageReference;
			repositoryURL = "https://github.com/google/promises.git";
			requirement = {
				kind = upToNextMajorVersion;
				minimumVersion = 2.0.0;
			};
		};
		E96CB1AA2817FDAF00179E8F /* XCRemoteSwiftPackageReference "firebase-ios-sdk" */ = {
			isa = XCRemoteSwiftPackageReference;
			repositoryURL = "https://github.com/firebase/firebase-ios-sdk.git";
			requirement = {
				kind = upToNextMajorVersion;
				minimumVersion = 8.0.0;
			};
		};
		E9C4DD2E28210E400005AC1E /* XCRemoteSwiftPackageReference "firebase-ios-sdk" */ = {
			isa = XCRemoteSwiftPackageReference;
			repositoryURL = "https://github.com/firebase/firebase-ios-sdk.git";
			requirement = {
				kind = upToNextMajorVersion;
				minimumVersion = 8.0.0;
			};
		};
/* End XCRemoteSwiftPackageReference section */

/* Begin XCSwiftPackageProductDependency section */
		E90760C02837952000D3CEC9 /* SwiftUICharts */ = {
			isa = XCSwiftPackageProductDependency;
			package = E90760BF2837952000D3CEC9 /* XCRemoteSwiftPackageReference "ChartView" */;
			productName = SwiftUICharts;
		};
		E90760C32837957400D3CEC9 /* FirebaseStorageSwift-Beta */ = {
			isa = XCSwiftPackageProductDependency;
			package = E96CB1AA2817FDAF00179E8F /* XCRemoteSwiftPackageReference "firebase-ios-sdk" */;
			productName = "FirebaseStorageSwift-Beta";
		};
		E90760C52837969F00D3CEC9 /* FirebaseFirestoreSwift-Beta */ = {
			isa = XCSwiftPackageProductDependency;
			package = E96CB1AA2817FDAF00179E8F /* XCRemoteSwiftPackageReference "firebase-ios-sdk" */;
			productName = "FirebaseFirestoreSwift-Beta";
		};
		E96CB1AB2817FDAF00179E8F /* FirebaseAuth */ = {
			isa = XCSwiftPackageProductDependency;
			package = E96CB1AA2817FDAF00179E8F /* XCRemoteSwiftPackageReference "firebase-ios-sdk" */;
			productName = FirebaseAuth;
		};
		E96CB1AF2817FDAF00179E8F /* FirebaseFirestore */ = {
			isa = XCSwiftPackageProductDependency;
			package = E96CB1AA2817FDAF00179E8F /* XCRemoteSwiftPackageReference "firebase-ios-sdk" */;
			productName = FirebaseFirestore;
		};
/* End XCSwiftPackageProductDependency section */
	};
	rootObject = E96CB18B2817FCD600179E8F /* Project object */;
}
